
Microsoft Visual Studio Solution File, Format Version 12.00
# Visual Studio Version 16
VisualStudioVersion = 16.0.31205.134
MinimumVisualStudioVersion = 10.0.40219.1
Project("{9A19103F-16F7-4668-BE54-9A1E7A4F7556}") = "SynCFrameworkXamarinClientV3", "SynCFrameworkXamarinClientV3\SynCFrameworkXamarinClientV3.csproj", "{02633F33-2423-4501-9713-4A561F842DC5}"
EndProject
Project("{FAE04EC0-301F-11D3-BF4B-00C04F79EFBC}") = "SynCFrameworkXamarinClientV3.Android", "SynCFrameworkXamarinClientV3.Android\SynCFrameworkXamarinClientV3.Android.csproj", "{9C9B38D5-5ECA-4FDC-BF0F-93C1CB5D304B}"
EndProject
Project("{9A19103F-16F7-4668-BE54-9A1E7A4F7556}") = "Orm", "Orm\Orm.csproj", "{E5E54D0F-E2BF-4569-99D6-2A38E734E791}"
EndProject
Project("{FAE04EC0-301F-11D3-BF4B-00C04F79EFBC}") = "syncframeworktest", "syncframeworktest\syncframeworktest.csproj", "{0BB6CEFA-C726-4CBB-B475-5639CDF98527}"
EndProject
Global
	GlobalSection(SolutionConfigurationPlatforms) = preSolution
		Debug|Any CPU = Debug|Any CPU
		Release|Any CPU = Release|Any CPU
	EndGlobalSection
	GlobalSection(ProjectConfigurationPlatforms) = postSolution
		{02633F33-2423-4501-9713-4A561F842DC5}.Debug|Any CPU.ActiveCfg = Debug|Any CPU
		{02633F33-2423-4501-9713-4A561F842DC5}.Debug|Any CPU.Build.0 = Debug|Any CPU
		{02633F33-2423-4501-9713-4A561F842DC5}.Release|Any CPU.ActiveCfg = Release|Any CPU
		{02633F33-2423-4501-9713-4A561F842DC5}.Release|Any CPU.Build.0 = Release|Any CPU
		{9C9B38D5-5ECA-4FDC-BF0F-93C1CB5D304B}.Debug|Any CPU.ActiveCfg = Debug|Any CPU
		{9C9B38D5-5ECA-4FDC-BF0F-93C1CB5D304B}.Debug|Any CPU.Build.0 = Debug|Any CPU
		{9C9B38D5-5ECA-4FDC-BF0F-93C1CB5D304B}.Debug|Any CPU.Deploy.0 = Debug|Any CPU
		{9C9B38D5-5ECA-4FDC-BF0F-93C1CB5D304B}.Release|Any CPU.ActiveCfg = Release|Any CPU
		{9C9B38D5-5ECA-4FDC-BF0F-93C1CB5D304B}.Release|Any CPU.Build.0 = Release|Any CPU
		{9C9B38D5-5ECA-4FDC-BF0F-93C1CB5D304B}.Release|Any CPU.Deploy.0 = Release|Any CPU
		{E5E54D0F-E2BF-4569-99D6-2A38E734E791}.Debug|Any CPU.ActiveCfg = Debug|Any CPU
		{E5E54D0F-E2BF-4569-99D6-2A38E734E791}.Debug|Any CPU.Build.0 = Debug|Any CPU
		{E5E54D0F-E2BF-4569-99D6-2A38E734E791}.Release|Any CPU.ActiveCfg = Release|Any CPU
		{E5E54D0F-E2BF-4569-99D6-2A38E734E791}.Release|Any CPU.Build.0 = Release|Any CPU
		{0BB6CEFA-C726-4CBB-B475-5639CDF98527}.Debug|Any CPU.ActiveCfg = Debug|Any CPU
		{0BB6CEFA-C726-4CBB-B475-5639CDF98527}.Debug|Any CPU.Build.0 = Debug|Any CPU
		{0BB6CEFA-C726-4CBB-B475-5639CDF98527}.Release|Any CPU.ActiveCfg = Release|Any CPU
		{0BB6CEFA-C726-4CBB-B475-5639CDF98527}.Release|Any CPU.Build.0 = Release|Any CPU
	EndGlobalSection
	GlobalSection(SolutionProperties) = preSolution
		HideSolutionNode = FALSE
	EndGlobalSection
	GlobalSection(ExtensibilityGlobals) = postSolution
		SolutionGuid = {21DEFA62-1738-4E83-8775-59253A38066C}
	EndGlobalSection
EndGlobal
